
Microsoft Visual Studio Solution File, Format Version 12.00
# Visual Studio Version 16
VisualStudioVersion = 16.0.30406.217
MinimumVisualStudioVersion = 10.0.40219.1
Project("{9A19103F-16F7-4668-BE54-9A1E7A4F7556}") = "StoreApi", "StoreApi.csproj", "{82041206-5FE7-46E8-80AC-A9F971944139}"
EndProject
Project("{FAE04EC0-301F-11D3-BF4B-00C04F79EFBC}") = "UnitTests", "..\StoreControllerTest\UnitTests.csproj", "{D524CE3D-7EF6-4204-8997-C5F10C31C040}"
EndProject
Global
	GlobalSection(SolutionConfigurationPlatforms) = preSolution
		Debug|Any CPU = Debug|Any CPU
		Release|Any CPU = Release|Any CPU
	EndGlobalSection
	GlobalSection(ProjectConfigurationPlatforms) = postSolution
		{82041206-5FE7-46E8-80AC-A9F971944139}.Debug|Any CPU.ActiveCfg = Debug|Any CPU
		{82041206-5FE7-46E8-80AC-A9F971944139}.Debug|Any CPU.Build.0 = Debug|Any CPU
		{82041206-5FE7-46E8-80AC-A9F971944139}.Release|Any CPU.ActiveCfg = Release|Any CPU
		{82041206-5FE7-46E8-80AC-A9F971944139}.Release|Any CPU.Build.0 = Release|Any CPU
		{D524CE3D-7EF6-4204-8997-C5F10C31C040}.Debug|Any CPU.ActiveCfg = Debug|Any CPU
		{D524CE3D-7EF6-4204-8997-C5F10C31C040}.Debug|Any CPU.Build.0 = Debug|Any CPU
		{D524CE3D-7EF6-4204-8997-C5F10C31C040}.Release|Any CPU.ActiveCfg = Release|Any CPU
		{D524CE3D-7EF6-4204-8997-C5F10C31C040}.Release|Any CPU.Build.0 = Release|Any CPU
	EndGlobalSection
	GlobalSection(SolutionProperties) = preSolution
		HideSolutionNode = FALSE
	EndGlobalSection
	GlobalSection(ExtensibilityGlobals) = postSolution
		SolutionGuid = {87A1E881-2753-40C3-9F03-36F096416982}
	EndGlobalSection
EndGlobal
